
Microsoft Visual Studio Solution File, Format Version 12.00
# Visual Studio Version 17
VisualStudioVersion = 17.9.34728.123
MinimumVisualStudioVersion = 10.0.40219.1
Project("{9A19103F-16F7-4668-BE54-9A1E7A4F7556}") = "VDesk", "src\VDesk\VDesk.csproj", "{B50ECB11-525C-4629-9C2D-0E33CEB18015}"
EndProject
Project("{9A19103F-16F7-4668-BE54-9A1E7A4F7556}") = "VDeskTests", "test\VDeskTests\VDeskTests.csproj", "{6A3543B1-68E0-48EC-B43B-DAB60EB134FF}"
EndProject
Project("{9A19103F-16F7-4668-BE54-9A1E7A4F7556}") = "VDesk.Generator", "src\VDesk.Generator\VDesk.Generator.csproj", "{5760C428-0CC2-4C20-A5DC-4C095D00658E}"
EndProject
Project("{2150E333-8FDC-42A3-9474-1A3956D46DE8}") = "SolutionItems", "SolutionItems", "{C274D7E9-1035-48F2-BFD9-269D9724E984}"
	ProjectSection(SolutionItems) = preProject
		.gitignore = .gitignore
		global.json = global.json
		license.md = license.md
		README.md = README.md
	EndProjectSection
EndProject
Global
	GlobalSection(SolutionConfigurationPlatforms) = preSolution
		Debug|Any CPU = Debug|Any CPU
		Debug|x64 = Debug|x64
		Debug|x86 = Debug|x86
		Release|Any CPU = Release|Any CPU
		Release|x64 = Release|x64
		Release|x86 = Release|x86
	EndGlobalSection
	GlobalSection(ProjectConfigurationPlatforms) = postSolution
		{B50ECB11-525C-4629-9C2D-0E33CEB18015}.Debug|Any CPU.ActiveCfg = Debug|Any CPU
		{B50ECB11-525C-4629-9C2D-0E33CEB18015}.Debug|Any CPU.Build.0 = Debug|Any CPU
		{B50ECB11-525C-4629-9C2D-0E33CEB18015}.Debug|x64.ActiveCfg = Debug|Any CPU
		{B50ECB11-525C-4629-9C2D-0E33CEB18015}.Debug|x64.Build.0 = Debug|Any CPU
		{B50ECB11-525C-4629-9C2D-0E33CEB18015}.Debug|x86.ActiveCfg = Debug|Any CPU
		{B50ECB11-525C-4629-9C2D-0E33CEB18015}.Debug|x86.Build.0 = Debug|Any CPU
		{B50ECB11-525C-4629-9C2D-0E33CEB18015}.Release|Any CPU.ActiveCfg = Release|Any CPU
		{B50ECB11-525C-4629-9C2D-0E33CEB18015}.Release|Any CPU.Build.0 = Release|Any CPU
		{B50ECB11-525C-4629-9C2D-0E33CEB18015}.Release|x64.ActiveCfg = Release|Any CPU
		{B50ECB11-525C-4629-9C2D-0E33CEB18015}.Release|x64.Build.0 = Release|Any CPU
		{B50ECB11-525C-4629-9C2D-0E33CEB18015}.Release|x86.ActiveCfg = Release|Any CPU
		{B50ECB11-525C-4629-9C2D-0E33CEB18015}.Release|x86.Build.0 = Release|Any CPU
		{6A3543B1-68E0-48EC-B43B-DAB60EB134FF}.Debug|Any CPU.ActiveCfg = Debug|Any CPU
		{6A3543B1-68E0-48EC-B43B-DAB60EB134FF}.Debug|Any CPU.Build.0 = Debug|Any CPU
		{6A3543B1-68E0-48EC-B43B-DAB60EB134FF}.Debug|x64.ActiveCfg = Debug|Any CPU
		{6A3543B1-68E0-48EC-B43B-DAB60EB134FF}.Debug|x64.Build.0 = Debug|Any CPU
		{6A3543B1-68E0-48EC-B43B-DAB60EB134FF}.Debug|x86.ActiveCfg = Debug|Any CPU
		{6A3543B1-68E0-48EC-B43B-DAB60EB134FF}.Debug|x86.Build.0 = Debug|Any CPU
		{6A3543B1-68E0-48EC-B43B-DAB60EB134FF}.Release|Any CPU.ActiveCfg = Release|Any CPU
		{6A3543B1-68E0-48EC-B43B-DAB60EB134FF}.Release|Any CPU.Build.0 = Release|Any CPU
		{6A3543B1-68E0-48EC-B43B-DAB60EB134FF}.Release|x64.ActiveCfg = Release|Any CPU
		{6A3543B1-68E0-48EC-B43B-DAB60EB134FF}.Release|x64.Build.0 = Release|Any CPU
		{6A3543B1-68E0-48EC-B43B-DAB60EB134FF}.Release|x86.ActiveCfg = Release|Any CPU
		{6A3543B1-68E0-48EC-B43B-DAB60EB134FF}.Release|x86.Build.0 = Release|Any CPU
		{5760C428-0CC2-4C20-A5DC-4C095D00658E}.Debug|Any CPU.ActiveCfg = Debug|Any CPU
		{5760C428-0CC2-4C20-A5DC-4C095D00658E}.Debug|Any CPU.Build.0 = Debug|Any CPU
		{5760C428-0CC2-4C20-A5DC-4C095D00658E}.Debug|x64.ActiveCfg = Debug|Any CPU
		{5760C428-0CC2-4C20-A5DC-4C095D00658E}.Debug|x64.Build.0 = Debug|Any CPU
		{5760C428-0CC2-4C20-A5DC-4C095D00658E}.Debug|x86.ActiveCfg = Debug|Any CPU
		{5760C428-0CC2-4C20-A5DC-4C095D00658E}.Debug|x86.Build.0 = Debug|Any CPU
		{5760C428-0CC2-4C20-A5DC-4C095D00658E}.Release|Any CPU.ActiveCfg = Release|Any CPU
		{5760C428-0CC2-4C20-A5DC-4C095D00658E}.Release|Any CPU.Build.0 = Release|Any CPU
		{5760C428-0CC2-4C20-A5DC-4C095D00658E}.Release|x64.ActiveCfg = Release|Any CPU
		{5760C428-0CC2-4C20-A5DC-4C095D00658E}.Release|x64.Build.0 = Release|Any CPU
		{5760C428-0CC2-4C20-A5DC-4C095D00658E}.Release|x86.ActiveCfg = Release|Any CPU
		{5760C428-0CC2-4C20-A5DC-4C095D00658E}.Release|x86.Build.0 = Release|Any CPU
	EndGlobalSection
	GlobalSection(SolutionProperties) = preSolution
		HideSolutionNode = FALSE
	EndGlobalSection
	GlobalSection(ExtensibilityGlobals) = postSolution
		SolutionGuid = {F48EC4C2-3608-48E3-B72A-88268E81AA36}
	EndGlobalSection
EndGlobal
